
Microsoft Visual Studio Solution File, Format Version 12.00
# Visual Studio Version 16
VisualStudioVersion = 16.0.31112.23
MinimumVisualStudioVersion = 10.0.40219.1
Project("{FAE04EC0-301F-11D3-BF4B-00C04F79EFBC}") = "AbstractFactory", "AbstractFactory\AbstractFactory.csproj", "{4B94CC22-1C41-4415-B400-E8C334ABE65E}"
EndProject
Global
	GlobalSection(SolutionConfigurationPlatforms) = preSolution
		Debug|Any CPU = Debug|Any CPU
		Release|Any CPU = Release|Any CPU
	EndGlobalSection
	GlobalSection(ProjectConfigurationPlatforms) = postSolution
		{4B94CC22-1C41-4415-B400-E8C334ABE65E}.Debug|Any CPU.ActiveCfg = Debug|Any CPU
		{4B94CC22-1C41-4415-B400-E8C334ABE65E}.Debug|Any CPU.Build.0 = Debug|Any CPU
		{4B94CC22-1C41-4415-B400-E8C334ABE65E}.Release|Any CPU.ActiveCfg = Release|Any CPU
		{4B94CC22-1C41-4415-B400-E8C334ABE65E}.Release|Any CPU.Build.0 = Release|Any CPU
	EndGlobalSection
	GlobalSection(SolutionProperties) = preSolution
		HideSolutionNode = FALSE
	EndGlobalSection
	GlobalSection(ExtensibilityGlobals) = postSolution
		SolutionGuid = {9CC611D3-2FFA-43A3-BC24-F5A0C98CE396}
	EndGlobalSection
EndGlobal
